{
  "nodes": {
    "nixpkgs": {
      "locked": {
        "lastModified": 1785114106,
        "narHash": "sha256-ettk2oIaA2vmUst64fYVcjTq5na0HbVPoiAYvZpvUrQ=",
        "owner": "NixOS",
        "repo": "nixpkgs",
        "rev": "385f25ef059aa7c45501b8031b3d0a9cdc464400",
        "type": "github"
      },
      "original": {
        "owner": "NixOS",
        "ref": "master",
        "repo": "nixpkgs",
        "type": "github"
      }
    },
    "root": {
      "inputs": {
        "nixpkgs": "nixpkgs"
      }
    }
  },
  "root": "root",
  "version": 7
}
