{
  "nodes": {
    "nixpkgs": {
      "locked": {
        "lastModified": 1785119485,
        "narHash": "sha256-k5Zkzws74mJqQLFBDmAQeLuFchhPsrgIq6s4kXJoo5M=",
        "ref": "master",
        "rev": "52f703d660668fc0d51de840b87eb47b16f4fbc1",
        "revCount": 1042317,
        "submodules": true,
        "type": "git",
        "url": "https://github.com/NixOS/nixpkgs"
      },
      "original": {
        "ref": "master",
        "submodules": true,
        "type": "git",
        "url": "https://github.com/NixOS/nixpkgs"
      }
    },
    "root": {
      "inputs": {
        "nixpkgs": "nixpkgs"
      }
    }
  },
  "root": "root",
  "version": 7
}
